// !$*UTF8*$!
{
	archiveVersion = 1;
	classes = {
	};
	objectVersion = 46;
	objects = {

/* Begin PBXBuildFile section */
		4D758C6615B9141E0019A132 /* UIKit.framework in Frameworks */ = {isa = PBXBuildFile; fileRef = 4D758C6515B9141E0019A132 /* UIKit.framework */; };
		4D758C6815B9141E0019A132 /* Foundation.framework in Frameworks */ = {isa = PBXBuildFile; fileRef = 4D758C6715B9141E0019A132 /* Foundation.framework */; };
		4D758C6A15B9141E0019A132 /* CoreGraphics.framework in Frameworks */ = {isa = PBXBuildFile; fileRef = 4D758C6915B9141E0019A132 /* CoreGraphics.framework */; };
		4D758C7015B9141E0019A132 /* InfoPlist.strings in Resources */ = {isa = PBXBuildFile; fileRef = 4D758C6E15B9141E0019A132 /* InfoPlist.strings */; };
		4D758C7215B9141E0019A132 /* main.m in Sources */ = {isa = PBXBuildFile; fileRef = 4D758C7115B9141E0019A132 /* main.m */; };
		4D758C7615B9141E0019A132 /* IAAppDelegate.m in Sources */ = {isa = PBXBuildFile; fileRef = 4D758C7515B9141E0019A132 /* IAAppDelegate.m */; };
		4D758C7915B9141E0019A132 /* MainStoryboard.storyboard in Resources */ = {isa = PBXBuildFile; fileRef = 4D758C7715B9141E0019A132 /* MainStoryboard.storyboard */; };
		4D758C7C15B9141E0019A132 /* IAViewController.m in Sources */ = {isa = PBXBuildFile; fileRef = 4D758C7B15B9141E0019A132 /* IAViewController.m */; };
/* End PBXBuildFile section */

/* Begin PBXFileReference section */
		4D758C6115B9141E0019A132 /* IAWeatherBugClient.app */ = {isa = PBXFileReference; explicitFileType = wrapper.application; includeInIndex = 0; path = IAWeatherBugClient.app; sourceTree = BUILT_PRODUCTS_DIR; };
		4D758C6515B9141E0019A132 /* UIKit.framework */ = {isa = PBXFileReference; lastKnownFileType = wrapper.framework; name = UIKit.framework; path = System/Library/Frameworks/UIKit.framework; sourceTree = SDKROOT; };
		4D758C6715B9141E0019A132 /* Foundation.framework */ = {isa = PBXFileReference; lastKnownFileType = wrapper.framework; name = Foundation.framework; path = System/Library/Frameworks/Foundation.framework; sourceTree = SDKROOT; };
		4D758C6915B9141E0019A132 /* CoreGraphics.framework */ = {isa = PBXFileReference; lastKnownFileType = wrapper.framework; name = CoreGraphics.framework; path = System/Library/Frameworks/CoreGraphics.framework; sourceTree = SDKROOT; };
		4D758C6D15B9141E0019A132 /* IAWeatherBugClient-Info.plist */ = {isa = PBXFileReference; lastKnownFileType = text.plist.xml; path = "IAWeatherBugClient-Info.plist"; sourceTree = "<group>"; };
		4D758C6F15B9141E0019A132 /* en */ = {isa = PBXFileReference; lastKnownFileType = text.plist.strings; name = en; path = en.lproj/InfoPlist.strings; sourceTree = "<group>"; };
		4D758C7115B9141E0019A132 /* main.m */ = {isa = PBXFileReference; lastKnownFileType = sourcecode.c.objc; path = main.m; sourceTree = "<group>"; };
		4D758C7315B9141E0019A132 /* IAWeatherBugClient-Prefix.pch */ = {isa = PBXFileReference; lastKnownFileType = sourcecode.c.h; path = "IAWeatherBugClient-Prefix.pch"; sourceTree = "<group>"; };
		4D758C7415B9141E0019A132 /* IAAppDelegate.h */ = {isa = PBXFileReference; lastKnownFileType = sourcecode.c.h; path = IAAppDelegate.h; sourceTree = "<group>"; };
		4D758C7515B9141E0019A132 /* IAAppDelegate.m */ = {isa = PBXFileReference; lastKnownFileType = sourcecode.c.objc; path = IAAppDelegate.m; sourceTree = "<group>"; };
		4D758C7815B9141E0019A132 /* en */ = {isa = PBXFileReference; lastKnownFileType = file.storyboard; name = en; path = en.lproj/MainStoryboard.storyboard; sourceTree = "<group>"; };
		4D758C7A15B9141E0019A132 /* IAViewController.h */ = {isa = PBXFileReference; lastKnownFileType = sourcecode.c.h; path = IAViewController.h; sourceTree = "<group>"; };
		4D758C7B15B9141E0019A132 /* IAViewController.m */ = {isa = PBXFileReference; lastKnownFileType = sourcecode.c.objc; path = IAViewController.m; sourceTree = "<group>"; };
/* End PBXFileReference section */

/* Begin PBXFrameworksBuildPhase section */
		4D758C5E15B9141E0019A132 /* Frameworks */ = {
			isa = PBXFrameworksBuildPhase;
			buildActionMask = 2147483647;
			files = (
				4D758C6615B9141E0019A132 /* UIKit.framework in Frameworks */,
				4D758C6815B9141E0019A132 /* Foundation.framework in Frameworks */,
				4D758C6A15B9141E0019A132 /* CoreGraphics.framework in Frameworks */,
			);
			runOnlyForDeploymentPostprocessing = 0;
		};
/* End PBXFrameworksBuildPhase section */

/* Begin PBXGroup section */
		4D758C5615B9141E0019A132 = {
			isa = PBXGroup;
			children = (
				4D758C6B15B9141E0019A132 /* IAWeatherBugClient */,
				4D758C6415B9141E0019A132 /* Frameworks */,
				4D758C6215B9141E0019A132 /* Products */,
			);
			sourceTree = "<group>";
		};
		4D758C6215B9141E0019A132 /* Products */ = {
			isa = PBXGroup;
			children = (
				4D758C6115B9141E0019A132 /* IAWeatherBugClient.app */,
			);
			name = Products;
			sourceTree = "<group>";
		};
		4D758C6415B9141E0019A132 /* Frameworks */ = {
			isa = PBXGroup;
			children = (
				4D758C6515B9141E0019A132 /* UIKit.framework */,
				4D758C6715B9141E0019A132 /* Foundation.framework */,
				4D758C6915B9141E0019A132 /* CoreGraphics.framework */,
			);
			name = Frameworks;
			sourceTree = "<group>";
		};
		4D758C6B15B9141E0019A132 /* IAWeatherBugClient */ = {
			isa = PBXGroup;
			children = (
				4D758C7415B9141E0019A132 /* IAAppDelegate.h */,
				4D758C7515B9141E0019A132 /* IAAppDelegate.m */,
				4D758C7715B9141E0019A132 /* MainStoryboard.storyboard */,
				4D758C7A15B9141E0019A132 /* IAViewController.h */,
				4D758C7B15B9141E0019A132 /* IAViewController.m */,
				4D758C6C15B9141E0019A132 /* Supporting Files */,
			);
			path = IAWeatherBugClient;
			sourceTree = "<group>";
		};
		4D758C6C15B9141E0019A132 /* Supporting Files */ = {
			isa = PBXGroup;
			children = (
				4D758C6D15B9141E0019A132 /* IAWeatherBugClient-Info.plist */,
				4D758C6E15B9141E0019A132 /* InfoPlist.strings */,
				4D758C7115B9141E0019A132 /* main.m */,
				4D758C7315B9141E0019A132 /* IAWeatherBugClient-Prefix.pch */,
			);
			name = "Supporting Files";
			sourceTree = "<group>";
		};
/* End PBXGroup section */

/* Begin PBXNativeTarget section */
		4D758C6015B9141E0019A132 /* IAWeatherBugClient */ = {
			isa = PBXNativeTarget;
			buildConfigurationList = 4D758C7F15B9141E0019A132 /* Build configuration list for PBXNativeTarget "IAWeatherBugClient" */;
			buildPhases = (
				4D758C5D15B9141E0019A132 /* Sources */,
				4D758C5E15B9141E0019A132 /* Frameworks */,
				4D758C5F15B9141E0019A132 /* Resources */,
			);
			buildRules = (
			);
			dependencies = (
			);
			name = IAWeatherBugClient;
			productName = IAWeatherBugClient;
			productReference = 4D758C6115B9141E0019A132 /* IAWeatherBugClient.app */;
			productType = "com.apple.product-type.application";
		};
/* End PBXNativeTarget section */

/* Begin PBXProject section */
		4D758C5815B9141E0019A132 /* Project object */ = {
			isa = PBXProject;
			attributes = {
				CLASSPREFIX = IA;
				LastUpgradeCheck = 0440;
				ORGANIZATIONNAME = "Interstellar Apps";
			};
			buildConfigurationList = 4D758C5B15B9141E0019A132 /* Build configuration list for PBXProject "IAWeatherBugClient" */;
			compatibilityVersion = "Xcode 3.2";
			developmentRegion = English;
			hasScannedForEncodings = 0;
			knownRegions = (
				en,
			);
			mainGroup = 4D758C5615B9141E0019A132;
			productRefGroup = 4D758C6215B9141E0019A132 /* Products */;
			projectDirPath = "";
			projectRoot = "";
			targets = (
				4D758C6015B9141E0019A132 /* IAWeatherBugClient */,
			);
		};
/* End PBXProject section */

/* Begin PBXResourcesBuildPhase section */
		4D758C5F15B9141E0019A132 /* Resources */ = {
			isa = PBXResourcesBuildPhase;
			buildActionMask = 2147483647;
			files = (
				4D758C7015B9141E0019A132 /* InfoPlist.strings in Resources */,
				4D758C7915B9141E0019A132 /* MainStoryboard.storyboard in Resources */,
			);
			runOnlyForDeploymentPostprocessing = 0;
		};
/* End PBXResourcesBuildPhase section */

/* Begin PBXSourcesBuildPhase section */
		4D758C5D15B9141E0019A132 /* Sources */ = {
			isa = PBXSourcesBuildPhase;
			buildActionMask = 2147483647;
			files = (
				4D758C7215B9141E0019A132 /* main.m in Sources */,
				4D758C7615B9141E0019A132 /* IAAppDelegate.m in Sources */,
				4D758C7C15B9141E0019A132 /* IAViewController.m in Sources */,
			);
			runOnlyForDeploymentPostprocessing = 0;
		};
/* End PBXSourcesBuildPhase section */

/* Begin PBXVariantGroup section */
		4D758C6E15B9141E0019A132 /* InfoPlist.strings */ = {
			isa = PBXVariantGroup;
			children = (
				4D758C6F15B9141E0019A132 /* en */,
			);
			name = InfoPlist.strings;
			sourceTree = "<group>";
		};
		4D758C7715B9141E0019A132 /* MainStoryboard.storyboard */ = {
			isa = PBXVariantGroup;
			children = (
				4D758C7815B9141E0019A132 /* en */,
			);
			name = MainStoryboard.storyboard;
			sourceTree = "<group>";
		};
/* End PBXVariantGroup section */

/* Begin XCBuildConfiguration section */
		4D758C7D15B9141E0019A132 /* Debug */ = {
			isa = XCBuildConfiguration;
			buildSettings = {
				ALWAYS_SEARCH_USER_PATHS = NO;
				ARCHS = "$(ARCHS_STANDARD_32_BIT)";
				CLANG_CXX_LANGUAGE_STANDARD = "gnu++0x";
				CLANG_ENABLE_OBJC_ARC = YES;
				CLANG_WARN__DUPLICATE_METHOD_MATCH = YES;
				"CODE_SIGN_IDENTITY[sdk=iphoneos*]" = "iPhone Developer";
				COPY_PHASE_STRIP = NO;
				GCC_C_LANGUAGE_STANDARD = gnu99;
				GCC_DYNAMIC_NO_PIC = NO;
				GCC_OPTIMIZATION_LEVEL = 0;
				GCC_PREPROCESSOR_DEFINITIONS = (
					"DEBUG=1",
					"$(inherited)",
				);
				GCC_SYMBOLS_PRIVATE_EXTERN = NO;
				GCC_VERSION = com.apple.compilers.llvm.clang.1_0;
				GCC_WARN_ABOUT_RETURN_TYPE = YES;
				GCC_WARN_UNINITIALIZED_AUTOS = YES;
				GCC_WARN_UNUSED_VARIABLE = YES;
				IPHONEOS_DEPLOYMENT_TARGET = 5.1;
				SDKROOT = iphoneos;
			};
			name = Debug;
		};
		4D758C7E15B9141E0019A132 /* Release */ = {
			isa = XCBuildConfiguration;
			buildSettings = {
				ALWAYS_SEARCH_USER_PATHS = NO;
				ARCHS = "$(ARCHS_STANDARD_32_BIT)";
				CLANG_CXX_LANGUAGE_STANDARD = "gnu++0x";
				CLANG_ENABLE_OBJC_ARC = YES;
				CLANG_WARN__DUPLICATE_METHOD_MATCH = YES;
				"CODE_SIGN_IDENTITY[sdk=iphoneos*]" = "iPhone Developer";
				COPY_PHASE_STRIP = YES;
				GCC_C_LANGUAGE_STANDARD = gnu99;
				GCC_VERSION = com.apple.compilers.llvm.clang.1_0;
				GCC_WARN_ABOUT_RETURN_TYPE = YES;
				GCC_WARN_UNINITIALIZED_AUTOS = YES;
				GCC_WARN_UNUSED_VARIABLE = YES;
				IPHONEOS_DEPLOYMENT_TARGET = 5.1;
				OTHER_CFLAGS = "-DNS_BLOCK_ASSERTIONS=1";
				SDKROOT = iphoneos;
				VALIDATE_PRODUCT = YES;
			};
			name = Release;
		};
		4D758C8015B9141E0019A132 /* Debug */ = {
			isa = XCBuildConfiguration;
			buildSettings = {
				GCC_PRECOMPILE_PREFIX_HEADER = YES;
				GCC_PREFIX_HEADER = "IAWeatherBugClient/IAWeatherBugClient-Prefix.pch";
				INFOPLIST_FILE = "IAWeatherBugClient/IAWeatherBugClient-Info.plist";
				PRODUCT_NAME = "$(TARGET_NAME)";
				WRAPPER_EXTENSION = app;
			};
			name = Debug;
		};
		4D758C8115B9141E0019A132 /* Release */ = {
			isa = XCBuildConfiguration;
			buildSettings = {
				GCC_PRECOMPILE_PREFIX_HEADER = YES;
				GCC_PREFIX_HEADER = "IAWeatherBugClient/IAWeatherBugClient-Prefix.pch";
				INFOPLIST_FILE = "IAWeatherBugClient/IAWeatherBugClient-Info.plist";
				PRODUCT_NAME = "$(TARGET_NAME)";
				WRAPPER_EXTENSION = app;
			};
			name = Release;
		};
/* End XCBuildConfiguration section */

/* Begin XCConfigurationList section */
		4D758C5B15B9141E0019A132 /* Build configuration list for PBXProject "IAWeatherBugClient" */ = {
			isa = XCConfigurationList;
			buildConfigurations = (
				4D758C7D15B9141E0019A132 /* Debug */,
				4D758C7E15B9141E0019A132 /* Release */,
			);
			defaultConfigurationIsVisible = 0;
			defaultConfigurationName = Release;
		};
		4D758C7F15B9141E0019A132 /* Build configuration list for PBXNativeTarget "IAWeatherBugClient" */ = {
			isa = XCConfigurationList;
			buildConfigurations = (
				4D758C8015B9141E0019A132 /* Debug */,
				4D758C8115B9141E0019A132 /* Release */,
			);
			defaultConfigurationIsVisible = 0;
		};
/* End XCConfigurationList section */
	};
	rootObject = 4D758C5815B9141E0019A132 /* Project object */;
}
